Microsoft Visual Studio Solution File, Format Version 12.00
# Visual Studio Version 17
VisualStudioVersion = 17.0.31903.59
MinimumVisualStudioVersion = 10.0.40219.1
Project("{FAE04EC0-301F-11D3-BF4B-00C04F79EFBC}") = "AILayoutAgent", "AILayoutAgent.csproj", "{B77B5A0B-10D7-45A1-8F9C-8C6A6A2B415D}"
EndProject
Global
	GlobalSection(SolutionConfigurationPlatforms) = preSolution
		Debug|Any CPU = Debug|Any CPU
		Release|Any CPU = Release|Any CPU
	EndGlobalSection
	GlobalSection(ProjectConfigurationPlatforms) = postSolution
		{B77B5A0B-10D7-45A1-8F9C-8C6A6A2B415D}.Debug|Any CPU.ActiveCfg = Debug|Any CPU
		{B77B5A0B-10D7-45A1-8F9C-8C6A6A2B415D}.Debug|Any CPU.Build.0 = Debug|Any CPU
		{B77B5A0B-10D7-45A1-8F9C-8C6A6A2B415D}.Release|Any CPU.ActiveCfg = Release|Any CPU
		{B77B5A0B-10D7-45A1-8F9C-8C6A6A2B415D}.Release|Any CPU.Build.0 = Release|Any CPU
	EndGlobalSection
	GlobalSection(SolutionProperties) = preSolution
		HideSolutionNode = FALSE
	EndGlobalSection
EndGlobal
